
Microsoft Visual Studio Solution File, Format Version 12.00
# Visual Studio Version 17
VisualStudioVersion = 17.12.35514.174 d17.12
MinimumVisualStudioVersion = 10.0.40219.1
Project("{FAE04EC0-301F-11D3-BF4B-00C04F79EFBC}") = "LinqSamples", "LinqSamples\LinqSamples.csproj", "{DF457CA3-816C-45E4-A70D-C598C13B47CC}"
EndProject
Project("{FAE04EC0-301F-11D3-BF4B-00C04F79EFBC}") = "LinqSamples.Common", "LinqSamples.Common\LinqSamples.Common.csproj", "{3005B352-6348-4557-9E89-9FE409647D15}"
EndProject
Project("{FAE04EC0-301F-11D3-BF4B-00C04F79EFBC}") = "LinqSamples.DataLayer", "LinqSamples.DataLayer\LinqSamples.DataLayer.csproj", "{358B256E-87A2-4A68-AFC1-83BF06F9C0D3}"
EndProject
Global
	GlobalSection(SolutionConfigurationPlatforms) = preSolution
		Debug|Any CPU = Debug|Any CPU
		Release|Any CPU = Release|Any CPU
	EndGlobalSection
	GlobalSection(ProjectConfigurationPlatforms) = postSolution
		{DF457CA3-816C-45E4-A70D-C598C13B47CC}.Debug|Any CPU.ActiveCfg = Debug|Any CPU
		{DF457CA3-816C-45E4-A70D-C598C13B47CC}.Debug|Any CPU.Build.0 = Debug|Any CPU
		{DF457CA3-816C-45E4-A70D-C598C13B47CC}.Release|Any CPU.ActiveCfg = Release|Any CPU
		{DF457CA3-816C-45E4-A70D-C598C13B47CC}.Release|Any CPU.Build.0 = Release|Any CPU
		{3005B352-6348-4557-9E89-9FE409647D15}.Debug|Any CPU.ActiveCfg = Debug|Any CPU
		{3005B352-6348-4557-9E89-9FE409647D15}.Debug|Any CPU.Build.0 = Debug|Any CPU
		{3005B352-6348-4557-9E89-9FE409647D15}.Release|Any CPU.ActiveCfg = Release|Any CPU
		{3005B352-6348-4557-9E89-9FE409647D15}.Release|Any CPU.Build.0 = Release|Any CPU
		{358B256E-87A2-4A68-AFC1-83BF06F9C0D3}.Debug|Any CPU.ActiveCfg = Debug|Any CPU
		{358B256E-87A2-4A68-AFC1-83BF06F9C0D3}.Debug|Any CPU.Build.0 = Debug|Any CPU
		{358B256E-87A2-4A68-AFC1-83BF06F9C0D3}.Release|Any CPU.ActiveCfg = Release|Any CPU
		{358B256E-87A2-4A68-AFC1-83BF06F9C0D3}.Release|Any CPU.Build.0 = Release|Any CPU
	EndGlobalSection
	GlobalSection(SolutionProperties) = preSolution
		HideSolutionNode = FALSE
	EndGlobalSection
EndGlobal
